
Microsoft Visual Studio Solution File, Format Version 12.00
# Visual Studio 15
Project("{FAE04EC0-301F-11D3-BF4B-00C04F79EFBC}") = "01.Unique_usernames", "08.Sets_and_dictionaries_advanced\01.Unique_usernames.csproj", "{8AC50B21-DCDB-4836-B35C-EE8DBBD103FE}"
EndProject
Project("{FAE04EC0-301F-11D3-BF4B-00C04F79EFBC}") = "02.Sets_of_elements", "02.Sets_of_elements\02.Sets_of_elements.csproj", "{E2F238EA-2F14-4ABB-B614-A2F24F4EB7D2}"
EndProject
Project("{FAE04EC0-301F-11D3-BF4B-00C04F79EFBC}") = "03.Periodic_table", "03.PEriodic_table\03.PEriodic_table.csproj", "{1D520C36-11D8-45B0-B9E5-30A22939814B}"
EndProject
Project("{FAE04EC0-301F-11D3-BF4B-00C04F79EFBC}") = "04.Even_times", "04.Even_times\04.Even_times.csproj", "{8D6454B6-6306-4F16-AFCD-52319F1130C4}"
EndProject
Project("{FAE04EC0-301F-11D3-BF4B-00C04F79EFBC}") = "05.Count_symbols", "05.Count_symbols\05.Count_symbols.csproj", "{EBD15455-9870-4F17-A611-A340CD15E53E}"
EndProject
Project("{FAE04EC0-301F-11D3-BF4B-00C04F79EFBC}") = "06.Wardrobe", "06.Wardrobe\06.Wardrobe.csproj", "{C9359EA7-7EF0-4DA4-94E3-ACF628310CF2}"
EndProject
Project("{FAE04EC0-301F-11D3-BF4B-00C04F79EFBC}") = "07.The_V_Logger", "07.The_V_Logger\07.The_V_Logger.csproj", "{876952D7-D296-45D9-967B-D6D2162FE459}"
EndProject
Global
	GlobalSection(SolutionConfigurationPlatforms) = preSolution
		Debug|Any CPU = Debug|Any CPU
		Release|Any CPU = Release|Any CPU
	EndGlobalSection
	GlobalSection(ProjectConfigurationPlatforms) = postSolution
		{8AC50B21-DCDB-4836-B35C-EE8DBBD103FE}.Debug|Any CPU.ActiveCfg = Debug|Any CPU
		{8AC50B21-DCDB-4836-B35C-EE8DBBD103FE}.Debug|Any CPU.Build.0 = Debug|Any CPU
		{8AC50B21-DCDB-4836-B35C-EE8DBBD103FE}.Release|Any CPU.ActiveCfg = Release|Any CPU
		{8AC50B21-DCDB-4836-B35C-EE8DBBD103FE}.Release|Any CPU.Build.0 = Release|Any CPU
		{E2F238EA-2F14-4ABB-B614-A2F24F4EB7D2}.Debug|Any CPU.ActiveCfg = Debug|Any CPU
		{E2F238EA-2F14-4ABB-B614-A2F24F4EB7D2}.Debug|Any CPU.Build.0 = Debug|Any CPU
		{E2F238EA-2F14-4ABB-B614-A2F24F4EB7D2}.Release|Any CPU.ActiveCfg = Release|Any CPU
		{E2F238EA-2F14-4ABB-B614-A2F24F4EB7D2}.Release|Any CPU.Build.0 = Release|Any CPU
		{1D520C36-11D8-45B0-B9E5-30A22939814B}.Debug|Any CPU.ActiveCfg = Debug|Any CPU
		{1D520C36-11D8-45B0-B9E5-30A22939814B}.Debug|Any CPU.Build.0 = Debug|Any CPU
		{1D520C36-11D8-45B0-B9E5-30A22939814B}.Release|Any CPU.ActiveCfg = Release|Any CPU
		{1D520C36-11D8-45B0-B9E5-30A22939814B}.Release|Any CPU.Build.0 = Release|Any CPU
		{8D6454B6-6306-4F16-AFCD-52319F1130C4}.Debug|Any CPU.ActiveCfg = Debug|Any CPU
		{8D6454B6-6306-4F16-AFCD-52319F1130C4}.Debug|Any CPU.Build.0 = Debug|Any CPU
		{8D6454B6-6306-4F16-AFCD-52319F1130C4}.Release|Any CPU.ActiveCfg = Release|Any CPU
		{8D6454B6-6306-4F16-AFCD-52319F1130C4}.Release|Any CPU.Build.0 = Release|Any CPU
		{EBD15455-9870-4F17-A611-A340CD15E53E}.Debug|Any CPU.ActiveCfg = Debug|Any CPU
		{EBD15455-9870-4F17-A611-A340CD15E53E}.Debug|Any CPU.Build.0 = Debug|Any CPU
		{EBD15455-9870-4F17-A611-A340CD15E53E}.Release|Any CPU.ActiveCfg = Release|Any CPU
		{EBD15455-9870-4F17-A611-A340CD15E53E}.Release|Any CPU.Build.0 = Release|Any CPU
		{C9359EA7-7EF0-4DA4-94E3-ACF628310CF2}.Debug|Any CPU.ActiveCfg = Debug|Any CPU
		{C9359EA7-7EF0-4DA4-94E3-ACF628310CF2}.Debug|Any CPU.Build.0 = Debug|Any CPU
		{C9359EA7-7EF0-4DA4-94E3-ACF628310CF2}.Release|Any CPU.ActiveCfg = Release|Any CPU
		{C9359EA7-7EF0-4DA4-94E3-ACF628310CF2}.Release|Any CPU.Build.0 = Release|Any CPU
		{876952D7-D296-45D9-967B-D6D2162FE459}.Debug|Any CPU.ActiveCfg = Debug|Any CPU
		{876952D7-D296-45D9-967B-D6D2162FE459}.Debug|Any CPU.Build.0 = Debug|Any CPU
		{876952D7-D296-45D9-967B-D6D2162FE459}.Release|Any CPU.ActiveCfg = Release|Any CPU
		{876952D7-D296-45D9-967B-D6D2162FE459}.Release|Any CPU.Build.0 = Release|Any CPU
	EndGlobalSection
EndGlobal
