
Microsoft Visual Studio Solution File, Format Version 12.00
# Visual Studio 15
Project("{FAE04EC0-301F-11D3-BF4B-00C04F79EFBC}") = "01.Scheduling", "01.Scheduling\01.Scheduling.csproj", "{AD79441D-D077-44EA-B044-AADF14855A28}"
EndProject
Project("{FAE04EC0-301F-11D3-BF4B-00C04F79EFBC}") = "02.Garden", "02.Garden\02.Garden.csproj", "{0FD90CF3-6BDC-4766-841D-30E8DB0B6750}"
EndProject
Global
	GlobalSection(SolutionConfigurationPlatforms) = preSolution
		Debug|Any CPU = Debug|Any CPU
		Release|Any CPU = Release|Any CPU
	EndGlobalSection
	GlobalSection(ProjectConfigurationPlatforms) = postSolution
		{AD79441D-D077-44EA-B044-AADF14855A28}.Debug|Any CPU.ActiveCfg = Debug|Any CPU
		{AD79441D-D077-44EA-B044-AADF14855A28}.Debug|Any CPU.Build.0 = Debug|Any CPU
		{AD79441D-D077-44EA-B044-AADF14855A28}.Release|Any CPU.ActiveCfg = Release|Any CPU
		{AD79441D-D077-44EA-B044-AADF14855A28}.Release|Any CPU.Build.0 = Release|Any CPU
		{0FD90CF3-6BDC-4766-841D-30E8DB0B6750}.Debug|Any CPU.ActiveCfg = Debug|Any CPU
		{0FD90CF3-6BDC-4766-841D-30E8DB0B6750}.Debug|Any CPU.Build.0 = Debug|Any CPU
		{0FD90CF3-6BDC-4766-841D-30E8DB0B6750}.Release|Any CPU.ActiveCfg = Release|Any CPU
		{0FD90CF3-6BDC-4766-841D-30E8DB0B6750}.Release|Any CPU.Build.0 = Release|Any CPU
	EndGlobalSection
EndGlobal
