
Microsoft Visual Studio Solution File, Format Version 12.00
# Visual Studio 15
Project("{FAE04EC0-301F-11D3-BF4B-00C04F79EFBC}") = "01.Stantas_present_factory", "exam3\01.Stantas_present_factory.csproj", "{537321E4-5578-4D47-BFE7-83AEF77F5FD3}"
EndProject
Project("{FAE04EC0-301F-11D3-BF4B-00C04F79EFBC}") = "02.Present_delivery", "02.Present_delivery\02.Present_delivery.csproj", "{94B98EC8-25D0-4228-9C09-8CD287D88FFD}"
EndProject
Global
	GlobalSection(SolutionConfigurationPlatforms) = preSolution
		Debug|Any CPU = Debug|Any CPU
		Release|Any CPU = Release|Any CPU
	EndGlobalSection
	GlobalSection(ProjectConfigurationPlatforms) = postSolution
		{537321E4-5578-4D47-BFE7-83AEF77F5FD3}.Debug|Any CPU.ActiveCfg = Debug|Any CPU
		{537321E4-5578-4D47-BFE7-83AEF77F5FD3}.Debug|Any CPU.Build.0 = Debug|Any CPU
		{537321E4-5578-4D47-BFE7-83AEF77F5FD3}.Release|Any CPU.ActiveCfg = Release|Any CPU
		{537321E4-5578-4D47-BFE7-83AEF77F5FD3}.Release|Any CPU.Build.0 = Release|Any CPU
		{94B98EC8-25D0-4228-9C09-8CD287D88FFD}.Debug|Any CPU.ActiveCfg = Debug|Any CPU
		{94B98EC8-25D0-4228-9C09-8CD287D88FFD}.Debug|Any CPU.Build.0 = Debug|Any CPU
		{94B98EC8-25D0-4228-9C09-8CD287D88FFD}.Release|Any CPU.ActiveCfg = Release|Any CPU
		{94B98EC8-25D0-4228-9C09-8CD287D88FFD}.Release|Any CPU.Build.0 = Release|Any CPU
	EndGlobalSection
EndGlobal
