
Microsoft Visual Studio Solution File, Format Version 12.00
# Visual Studio 15
Project("{FAE04EC0-301F-11D3-BF4B-00C04F79EFBC}") = "01.Read_text", "6.0.Loops_Part2_Lab\01.Read_text.csproj", "{01201C68-E09C-4C95-B59E-690B97142E20}"
EndProject
Project("{FAE04EC0-301F-11D3-BF4B-00C04F79EFBC}") = "02.Password", "02.User\02.Password.csproj", "{6713651B-3B48-4C24-AA15-C8C319DC37F0}"
EndProject
Project("{FAE04EC0-301F-11D3-BF4B-00C04F79EFBC}") = "03.Sum_Numbers", "03.Numbers_Sum\03.Sum_Numbers.csproj", "{1D819959-CAAA-4781-A4AB-B744257E89D9}"
EndProject
Project("{FAE04EC0-301F-11D3-BF4B-00C04F79EFBC}") = "04.2k1", "04.2k1\04.2k1.csproj", "{27D0948C-62D7-4703-B7BC-A9B5852F4311}"
EndProject
Project("{FAE04EC0-301F-11D3-BF4B-00C04F79EFBC}") = "05.Account_Balance", "05.Money_Balance\05.Account_Balance.csproj", "{2BB540D5-6DFF-4A6A-8E37-364D095D208E}"
EndProject
Project("{FAE04EC0-301F-11D3-BF4B-00C04F79EFBC}") = "08.Graduation", "06.Graduation\08.Graduation.csproj", "{CFF9FCBA-6AD8-4168-B4AB-8A339D8FAE2E}"
EndProject
Project("{FAE04EC0-301F-11D3-BF4B-00C04F79EFBC}") = "06.Max_Number", "06.Max_Number\06.Max_Number.csproj", "{C47A0723-5123-4CB6-9B1C-212E8DE4D37A}"
EndProject
Project("{FAE04EC0-301F-11D3-BF4B-00C04F79EFBC}") = "07.Min_Number", "07.Min_Number\07.Min_Number.csproj", "{EB1CEA1A-7962-48C4-99C8-B24DB2258331}"
EndProject
Project("{FAE04EC0-301F-11D3-BF4B-00C04F79EFBC}") = "09.Graduation_Part2", "09.Graduation_Part2\09.Graduation_Part2.csproj", "{9B90D90F-C5C6-443E-A562-96E458C4713A}"
EndProject
Project("{FAE04EC0-301F-11D3-BF4B-00C04F79EFBC}") = "10.Moving", "10.Moving\10.Moving.csproj", "{27D6B2AE-25B9-483C-8656-A836182580BB}"
EndProject
Global
	GlobalSection(SolutionConfigurationPlatforms) = preSolution
		Debug|anycpu = Debug|anycpu
		Release|anycpu = Release|anycpu
	EndGlobalSection
	GlobalSection(ProjectConfigurationPlatforms) = postSolution
		{01201C68-E09C-4C95-B59E-690B97142E20}.Debug|anycpu.ActiveCfg = Debug|anycpu
		{01201C68-E09C-4C95-B59E-690B97142E20}.Debug|anycpu.Build.0 = Debug|anycpu
		{01201C68-E09C-4C95-B59E-690B97142E20}.Release|anycpu.ActiveCfg = Release|anycpu
		{01201C68-E09C-4C95-B59E-690B97142E20}.Release|anycpu.Build.0 = Release|anycpu
		{6713651B-3B48-4C24-AA15-C8C319DC37F0}.Debug|anycpu.ActiveCfg = Debug|anycpu
		{6713651B-3B48-4C24-AA15-C8C319DC37F0}.Debug|anycpu.Build.0 = Debug|anycpu
		{6713651B-3B48-4C24-AA15-C8C319DC37F0}.Release|anycpu.ActiveCfg = Release|anycpu
		{6713651B-3B48-4C24-AA15-C8C319DC37F0}.Release|anycpu.Build.0 = Release|anycpu
		{1D819959-CAAA-4781-A4AB-B744257E89D9}.Debug|anycpu.ActiveCfg = Debug|anycpu
		{1D819959-CAAA-4781-A4AB-B744257E89D9}.Debug|anycpu.Build.0 = Debug|anycpu
		{1D819959-CAAA-4781-A4AB-B744257E89D9}.Release|anycpu.ActiveCfg = Release|anycpu
		{1D819959-CAAA-4781-A4AB-B744257E89D9}.Release|anycpu.Build.0 = Release|anycpu
		{27D0948C-62D7-4703-B7BC-A9B5852F4311}.Debug|anycpu.ActiveCfg = Debug|anycpu
		{27D0948C-62D7-4703-B7BC-A9B5852F4311}.Debug|anycpu.Build.0 = Debug|anycpu
		{27D0948C-62D7-4703-B7BC-A9B5852F4311}.Release|anycpu.ActiveCfg = Release|anycpu
		{27D0948C-62D7-4703-B7BC-A9B5852F4311}.Release|anycpu.Build.0 = Release|anycpu
		{2BB540D5-6DFF-4A6A-8E37-364D095D208E}.Debug|anycpu.ActiveCfg = Debug|anycpu
		{2BB540D5-6DFF-4A6A-8E37-364D095D208E}.Debug|anycpu.Build.0 = Debug|anycpu
		{2BB540D5-6DFF-4A6A-8E37-364D095D208E}.Release|anycpu.ActiveCfg = Release|anycpu
		{2BB540D5-6DFF-4A6A-8E37-364D095D208E}.Release|anycpu.Build.0 = Release|anycpu
		{CFF9FCBA-6AD8-4168-B4AB-8A339D8FAE2E}.Debug|anycpu.ActiveCfg = Debug|anycpu
		{CFF9FCBA-6AD8-4168-B4AB-8A339D8FAE2E}.Debug|anycpu.Build.0 = Debug|anycpu
		{CFF9FCBA-6AD8-4168-B4AB-8A339D8FAE2E}.Release|anycpu.ActiveCfg = Release|anycpu
		{CFF9FCBA-6AD8-4168-B4AB-8A339D8FAE2E}.Release|anycpu.Build.0 = Release|anycpu
		{C47A0723-5123-4CB6-9B1C-212E8DE4D37A}.Debug|anycpu.ActiveCfg = Debug|anycpu
		{C47A0723-5123-4CB6-9B1C-212E8DE4D37A}.Debug|anycpu.Build.0 = Debug|anycpu
		{C47A0723-5123-4CB6-9B1C-212E8DE4D37A}.Release|anycpu.ActiveCfg = Release|anycpu
		{C47A0723-5123-4CB6-9B1C-212E8DE4D37A}.Release|anycpu.Build.0 = Release|anycpu
		{EB1CEA1A-7962-48C4-99C8-B24DB2258331}.Debug|anycpu.ActiveCfg = Debug|anycpu
		{EB1CEA1A-7962-48C4-99C8-B24DB2258331}.Debug|anycpu.Build.0 = Debug|anycpu
		{EB1CEA1A-7962-48C4-99C8-B24DB2258331}.Release|anycpu.ActiveCfg = Release|anycpu
		{EB1CEA1A-7962-48C4-99C8-B24DB2258331}.Release|anycpu.Build.0 = Release|anycpu
		{9B90D90F-C5C6-443E-A562-96E458C4713A}.Debug|anycpu.ActiveCfg = Debug|anycpu
		{9B90D90F-C5C6-443E-A562-96E458C4713A}.Debug|anycpu.Build.0 = Debug|anycpu
		{9B90D90F-C5C6-443E-A562-96E458C4713A}.Release|anycpu.ActiveCfg = Release|anycpu
		{9B90D90F-C5C6-443E-A562-96E458C4713A}.Release|anycpu.Build.0 = Release|anycpu
		{27D6B2AE-25B9-483C-8656-A836182580BB}.Debug|anycpu.ActiveCfg = Debug|anycpu
		{27D6B2AE-25B9-483C-8656-A836182580BB}.Debug|anycpu.Build.0 = Debug|anycpu
		{27D6B2AE-25B9-483C-8656-A836182580BB}.Release|anycpu.ActiveCfg = Release|anycpu
		{27D6B2AE-25B9-483C-8656-A836182580BB}.Release|anycpu.Build.0 = Release|anycpu
	EndGlobalSection
EndGlobal
