
Microsoft Visual Studio Solution File, Format Version 12.00
# Visual Studio 15
Project("{FAE04EC0-301F-11D3-BF4B-00C04F79EFBC}") = "01.LootBox", "01.LootBox\01.LootBox.csproj", "{0D70E865-FE48-4C6C-BFD2-36B4DFF650BB}"
EndProject
Project("{FAE04EC0-301F-11D3-BF4B-00C04F79EFBC}") = "02.ReVolt", "02.ReVolt\02.ReVolt.csproj", "{257B4FD0-93EE-4A0F-AD55-E3B1923E130F}"
EndProject
Global
	GlobalSection(SolutionConfigurationPlatforms) = preSolution
		Debug|Any CPU = Debug|Any CPU
		Release|Any CPU = Release|Any CPU
	EndGlobalSection
	GlobalSection(ProjectConfigurationPlatforms) = postSolution
		{0D70E865-FE48-4C6C-BFD2-36B4DFF650BB}.Debug|Any CPU.ActiveCfg = Debug|Any CPU
		{0D70E865-FE48-4C6C-BFD2-36B4DFF650BB}.Debug|Any CPU.Build.0 = Debug|Any CPU
		{0D70E865-FE48-4C6C-BFD2-36B4DFF650BB}.Release|Any CPU.ActiveCfg = Release|Any CPU
		{0D70E865-FE48-4C6C-BFD2-36B4DFF650BB}.Release|Any CPU.Build.0 = Release|Any CPU
		{257B4FD0-93EE-4A0F-AD55-E3B1923E130F}.Debug|Any CPU.ActiveCfg = Debug|Any CPU
		{257B4FD0-93EE-4A0F-AD55-E3B1923E130F}.Debug|Any CPU.Build.0 = Debug|Any CPU
		{257B4FD0-93EE-4A0F-AD55-E3B1923E130F}.Release|Any CPU.ActiveCfg = Release|Any CPU
		{257B4FD0-93EE-4A0F-AD55-E3B1923E130F}.Release|Any CPU.Build.0 = Release|Any CPU
	EndGlobalSection
EndGlobal
