
Microsoft Visual Studio Solution File, Format Version 12.00
# Visual Studio 15
Project("{FAE04EC0-301F-11D3-BF4B-00C04F79EFBC}") = "09.Graduation_Part2", "09.Graduation_Part2.csproj", "{9B90D90F-C5C6-443E-A562-96E458C4713A}"
EndProject
Global
	GlobalSection(SolutionConfigurationPlatforms) = preSolution
		Debug|anycpu = Debug|anycpu
		Release|anycpu = Release|anycpu
	EndGlobalSection
	GlobalSection(ProjectConfigurationPlatforms) = postSolution
		{9B90D90F-C5C6-443E-A562-96E458C4713A}.Debug|anycpu.ActiveCfg = Debug|anycpu
		{9B90D90F-C5C6-443E-A562-96E458C4713A}.Debug|anycpu.Build.0 = Debug|anycpu
		{9B90D90F-C5C6-443E-A562-96E458C4713A}.Release|anycpu.ActiveCfg = Release|anycpu
		{9B90D90F-C5C6-443E-A562-96E458C4713A}.Release|anycpu.Build.0 = Release|anycpu
	EndGlobalSection
EndGlobal
