
Microsoft Visual Studio Solution File, Format Version 12.00
# Visual Studio 15
Project("{FAE04EC0-301F-11D3-BF4B-00C04F79EFBC}") = "01.Catapult_Attack_Not_completed", "Exam_1\01.Catapult_Attack_Not_completed.csproj", "{B1369F5A-36E1-49D7-AEB2-928F70C96683}"
EndProject
Project("{FAE04EC0-301F-11D3-BF4B-00C04F79EFBC}") = "02.Throne_Conquering", "02.Throne_Conquering\02.Throne_Conquering.csproj", "{7B4EBDB9-658B-40F1-A592-867CBCB122E5}"
EndProject
Global
	GlobalSection(SolutionConfigurationPlatforms) = preSolution
		Debug|Any CPU = Debug|Any CPU
		Release|Any CPU = Release|Any CPU
	EndGlobalSection
	GlobalSection(ProjectConfigurationPlatforms) = postSolution
		{B1369F5A-36E1-49D7-AEB2-928F70C96683}.Debug|Any CPU.ActiveCfg = Debug|Any CPU
		{B1369F5A-36E1-49D7-AEB2-928F70C96683}.Debug|Any CPU.Build.0 = Debug|Any CPU
		{B1369F5A-36E1-49D7-AEB2-928F70C96683}.Release|Any CPU.ActiveCfg = Release|Any CPU
		{B1369F5A-36E1-49D7-AEB2-928F70C96683}.Release|Any CPU.Build.0 = Release|Any CPU
		{7B4EBDB9-658B-40F1-A592-867CBCB122E5}.Debug|Any CPU.ActiveCfg = Debug|Any CPU
		{7B4EBDB9-658B-40F1-A592-867CBCB122E5}.Debug|Any CPU.Build.0 = Debug|Any CPU
		{7B4EBDB9-658B-40F1-A592-867CBCB122E5}.Release|Any CPU.ActiveCfg = Release|Any CPU
		{7B4EBDB9-658B-40F1-A592-867CBCB122E5}.Release|Any CPU.Build.0 = Release|Any CPU
	EndGlobalSection
EndGlobal
