
Microsoft Visual Studio Solution File, Format Version 12.00
# Visual Studio 15
Project("{FAE04EC0-301F-11D3-BF4B-00C04F79EFBC}") = "01.Furniture", "Exercise_Regular_Expressions\01.Furniture.csproj", "{0E75EC06-3BEE-4F82-ADF5-16FB19337AA6}"
EndProject
Project("{FAE04EC0-301F-11D3-BF4B-00C04F79EFBC}") = "02.Race", "02.Race\02.Race.csproj", "{83EDF12F-5AD5-4AF1-BB11-B5911EF3028B}"
EndProject
Project("{FAE04EC0-301F-11D3-BF4B-00C04F79EFBC}") = "03.SoftUni_Bar_Income", "03.SoftUni_Bar_Income\03.SoftUni_Bar_Income.csproj", "{659B7C77-5DE6-40D9-9D7C-0A8DAF465997}"
EndProject
Project("{FAE04EC0-301F-11D3-BF4B-00C04F79EFBC}") = "04.Star_Enigma", "04.Star_Enigma\04.Star_Enigma.csproj", "{C75055F9-636A-4358-9396-8B8DFB98D1B8}"
EndProject
Project("{FAE04EC0-301F-11D3-BF4B-00C04F79EFBC}") = "06.Extract_emails", "06.Extract_emails\06.Extract_emails.csproj", "{32BF09A9-84A9-4E76-AF72-390B35B497CB}"
EndProject
Global
	GlobalSection(SolutionConfigurationPlatforms) = preSolution
		Debug|Any CPU = Debug|Any CPU
		Release|Any CPU = Release|Any CPU
	EndGlobalSection
	GlobalSection(ProjectConfigurationPlatforms) = postSolution
		{0E75EC06-3BEE-4F82-ADF5-16FB19337AA6}.Debug|Any CPU.ActiveCfg = Debug|Any CPU
		{0E75EC06-3BEE-4F82-ADF5-16FB19337AA6}.Debug|Any CPU.Build.0 = Debug|Any CPU
		{0E75EC06-3BEE-4F82-ADF5-16FB19337AA6}.Release|Any CPU.ActiveCfg = Release|Any CPU
		{0E75EC06-3BEE-4F82-ADF5-16FB19337AA6}.Release|Any CPU.Build.0 = Release|Any CPU
		{83EDF12F-5AD5-4AF1-BB11-B5911EF3028B}.Debug|Any CPU.ActiveCfg = Debug|Any CPU
		{83EDF12F-5AD5-4AF1-BB11-B5911EF3028B}.Debug|Any CPU.Build.0 = Debug|Any CPU
		{83EDF12F-5AD5-4AF1-BB11-B5911EF3028B}.Release|Any CPU.ActiveCfg = Release|Any CPU
		{83EDF12F-5AD5-4AF1-BB11-B5911EF3028B}.Release|Any CPU.Build.0 = Release|Any CPU
		{659B7C77-5DE6-40D9-9D7C-0A8DAF465997}.Debug|Any CPU.ActiveCfg = Debug|Any CPU
		{659B7C77-5DE6-40D9-9D7C-0A8DAF465997}.Debug|Any CPU.Build.0 = Debug|Any CPU
		{659B7C77-5DE6-40D9-9D7C-0A8DAF465997}.Release|Any CPU.ActiveCfg = Release|Any CPU
		{659B7C77-5DE6-40D9-9D7C-0A8DAF465997}.Release|Any CPU.Build.0 = Release|Any CPU
		{C75055F9-636A-4358-9396-8B8DFB98D1B8}.Debug|Any CPU.ActiveCfg = Debug|Any CPU
		{C75055F9-636A-4358-9396-8B8DFB98D1B8}.Debug|Any CPU.Build.0 = Debug|Any CPU
		{C75055F9-636A-4358-9396-8B8DFB98D1B8}.Release|Any CPU.ActiveCfg = Release|Any CPU
		{C75055F9-636A-4358-9396-8B8DFB98D1B8}.Release|Any CPU.Build.0 = Release|Any CPU
		{32BF09A9-84A9-4E76-AF72-390B35B497CB}.Debug|Any CPU.ActiveCfg = Debug|Any CPU
		{32BF09A9-84A9-4E76-AF72-390B35B497CB}.Debug|Any CPU.Build.0 = Debug|Any CPU
		{32BF09A9-84A9-4E76-AF72-390B35B497CB}.Release|Any CPU.ActiveCfg = Release|Any CPU
		{32BF09A9-84A9-4E76-AF72-390B35B497CB}.Release|Any CPU.Build.0 = Release|Any CPU
	EndGlobalSection
EndGlobal
