
Microsoft Visual Studio Solution File, Format Version 12.00
# Visual Studio 15
Project("{FAE04EC0-301F-11D3-BF4B-00C04F79EFBC}") = "01.Club_party", "exam4\01.Club_party.csproj", "{36863176-3D95-42D5-A8DE-D195084B290D}"
EndProject
Project("{FAE04EC0-301F-11D3-BF4B-00C04F79EFBC}") = "02.Tron_racers", "02.Tron_racers\02.Tron_racers.csproj", "{47685E8B-0425-4E8C-9685-D63C27D440E5}"
EndProject
Global
	GlobalSection(SolutionConfigurationPlatforms) = preSolution
		Debug|Any CPU = Debug|Any CPU
		Release|Any CPU = Release|Any CPU
	EndGlobalSection
	GlobalSection(ProjectConfigurationPlatforms) = postSolution
		{36863176-3D95-42D5-A8DE-D195084B290D}.Debug|Any CPU.ActiveCfg = Debug|Any CPU
		{36863176-3D95-42D5-A8DE-D195084B290D}.Debug|Any CPU.Build.0 = Debug|Any CPU
		{36863176-3D95-42D5-A8DE-D195084B290D}.Release|Any CPU.ActiveCfg = Release|Any CPU
		{36863176-3D95-42D5-A8DE-D195084B290D}.Release|Any CPU.Build.0 = Release|Any CPU
		{47685E8B-0425-4E8C-9685-D63C27D440E5}.Debug|Any CPU.ActiveCfg = Debug|Any CPU
		{47685E8B-0425-4E8C-9685-D63C27D440E5}.Debug|Any CPU.Build.0 = Debug|Any CPU
		{47685E8B-0425-4E8C-9685-D63C27D440E5}.Release|Any CPU.ActiveCfg = Release|Any CPU
		{47685E8B-0425-4E8C-9685-D63C27D440E5}.Release|Any CPU.Build.0 = Release|Any CPU
	EndGlobalSection
EndGlobal
