
Microsoft Visual Studio Solution File, Format Version 12.00
# Visual Studio 15
Project("{FAE04EC0-301F-11D3-BF4B-00C04F79EFBC}") = "01.Meters_to_km", "6.Homework\01.Meters_to_km.csproj", "{4ABC49B1-7E38-4E1B-B06F-E30207BE4B6C}"
EndProject
Project("{FAE04EC0-301F-11D3-BF4B-00C04F79EFBC}") = "02.Pounds_to_dollars", "02.Pounds_to_dollars\02.Pounds_to_dollars.csproj", "{EB83AB3E-2F42-49AA-9723-07B1EEBE2979}"
EndProject
Project("{FAE04EC0-301F-11D3-BF4B-00C04F79EFBC}") = "03.Exact_sum_to_real_numbers", "03.Exact_sum_to_real_numbers\03.Exact_sum_to_real_numbers.csproj", "{D7D5543B-2BA1-453C-8AC1-6BEE41FDB752}"
EndProject
Project("{FAE04EC0-301F-11D3-BF4B-00C04F79EFBC}") = "04.Centures_to_minutes", "04.Centures_to_minutes\04.Centures_to_minutes.csproj", "{A3E34864-0AC2-4942-833D-1ACF84F66EB8}"
EndProject
Project("{FAE04EC0-301F-11D3-BF4B-00C04F79EFBC}") = "05.Special_Numbers", "05.Special_Numbers\05.Special_Numbers.csproj", "{CAEBAD5B-209B-4D36-857A-008300A28861}"
EndProject
Project("{FAE04EC0-301F-11D3-BF4B-00C04F79EFBC}") = "06.ReversedChars", "06.ReversedChars\06.ReversedChars.csproj", "{D062C78A-52F0-4B52-9D4E-C71EFA1A0FBF}"
EndProject
Project("{FAE04EC0-301F-11D3-BF4B-00C04F79EFBC}") = "07.Concat_names", "07.Concat_names\07.Concat_names.csproj", "{BE09971C-DFCD-4980-9600-8B347A5B8D8D}"
EndProject
Project("{FAE04EC0-301F-11D3-BF4B-00C04F79EFBC}") = "08.Town_info", "08.Town_info\08.Town_info.csproj", "{1D99908E-04B7-406B-AD77-FFB2CC83AD0E}"
EndProject
Project("{FAE04EC0-301F-11D3-BF4B-00C04F79EFBC}") = "09.Chars_to_string", "09.Chars_to_string\09.Chars_to_string.csproj", "{FF115CE7-2C94-44D6-B021-CD50E6921619}"
EndProject
Project("{FAE04EC0-301F-11D3-BF4B-00C04F79EFBC}") = "10.Lower_or_upper", "10.Lower_or_upper\10.Lower_or_upper.csproj", "{FDA418D0-B6C2-47AA-8B9A-AD702B0E9B86}"
EndProject
Project("{FAE04EC0-301F-11D3-BF4B-00C04F79EFBC}") = "11.Refactor_Volume_of_Pyramid", "11.Refactor_Volume_of_Pyramid\11.Refactor_Volume_of_Pyramid.csproj", "{D16E2D46-D6A5-47F2-B2BF-8F82C90E7689}"
EndProject
Project("{FAE04EC0-301F-11D3-BF4B-00C04F79EFBC}") = "12.Refactor_Special_Numbers", "12.Refactor_Special_Numbers\12.Refactor_Special_Numbers.csproj", "{D84565D4-4E05-4D3B-BE03-B09F40706518}"
EndProject
Global
	GlobalSection(SolutionConfigurationPlatforms) = preSolution
		Debug|anycpu = Debug|anycpu
		Release|anycpu = Release|anycpu
	EndGlobalSection
	GlobalSection(ProjectConfigurationPlatforms) = postSolution
		{4ABC49B1-7E38-4E1B-B06F-E30207BE4B6C}.Debug|anycpu.ActiveCfg = Debug|anycpu
		{4ABC49B1-7E38-4E1B-B06F-E30207BE4B6C}.Debug|anycpu.Build.0 = Debug|anycpu
		{4ABC49B1-7E38-4E1B-B06F-E30207BE4B6C}.Release|anycpu.ActiveCfg = Release|anycpu
		{4ABC49B1-7E38-4E1B-B06F-E30207BE4B6C}.Release|anycpu.Build.0 = Release|anycpu
		{EB83AB3E-2F42-49AA-9723-07B1EEBE2979}.Debug|anycpu.ActiveCfg = Debug|anycpu
		{EB83AB3E-2F42-49AA-9723-07B1EEBE2979}.Debug|anycpu.Build.0 = Debug|anycpu
		{EB83AB3E-2F42-49AA-9723-07B1EEBE2979}.Release|anycpu.ActiveCfg = Release|anycpu
		{EB83AB3E-2F42-49AA-9723-07B1EEBE2979}.Release|anycpu.Build.0 = Release|anycpu
		{D7D5543B-2BA1-453C-8AC1-6BEE41FDB752}.Debug|anycpu.ActiveCfg = Debug|anycpu
		{D7D5543B-2BA1-453C-8AC1-6BEE41FDB752}.Debug|anycpu.Build.0 = Debug|anycpu
		{D7D5543B-2BA1-453C-8AC1-6BEE41FDB752}.Release|anycpu.ActiveCfg = Release|anycpu
		{D7D5543B-2BA1-453C-8AC1-6BEE41FDB752}.Release|anycpu.Build.0 = Release|anycpu
		{A3E34864-0AC2-4942-833D-1ACF84F66EB8}.Debug|anycpu.ActiveCfg = Debug|anycpu
		{A3E34864-0AC2-4942-833D-1ACF84F66EB8}.Debug|anycpu.Build.0 = Debug|anycpu
		{A3E34864-0AC2-4942-833D-1ACF84F66EB8}.Release|anycpu.ActiveCfg = Release|anycpu
		{A3E34864-0AC2-4942-833D-1ACF84F66EB8}.Release|anycpu.Build.0 = Release|anycpu
		{CAEBAD5B-209B-4D36-857A-008300A28861}.Debug|anycpu.ActiveCfg = Debug|anycpu
		{CAEBAD5B-209B-4D36-857A-008300A28861}.Debug|anycpu.Build.0 = Debug|anycpu
		{CAEBAD5B-209B-4D36-857A-008300A28861}.Release|anycpu.ActiveCfg = Release|anycpu
		{CAEBAD5B-209B-4D36-857A-008300A28861}.Release|anycpu.Build.0 = Release|anycpu
		{D062C78A-52F0-4B52-9D4E-C71EFA1A0FBF}.Debug|anycpu.ActiveCfg = Debug|anycpu
		{D062C78A-52F0-4B52-9D4E-C71EFA1A0FBF}.Debug|anycpu.Build.0 = Debug|anycpu
		{D062C78A-52F0-4B52-9D4E-C71EFA1A0FBF}.Release|anycpu.ActiveCfg = Release|anycpu
		{D062C78A-52F0-4B52-9D4E-C71EFA1A0FBF}.Release|anycpu.Build.0 = Release|anycpu
		{BE09971C-DFCD-4980-9600-8B347A5B8D8D}.Debug|anycpu.ActiveCfg = Debug|anycpu
		{BE09971C-DFCD-4980-9600-8B347A5B8D8D}.Debug|anycpu.Build.0 = Debug|anycpu
		{BE09971C-DFCD-4980-9600-8B347A5B8D8D}.Release|anycpu.ActiveCfg = Release|anycpu
		{BE09971C-DFCD-4980-9600-8B347A5B8D8D}.Release|anycpu.Build.0 = Release|anycpu
		{1D99908E-04B7-406B-AD77-FFB2CC83AD0E}.Debug|anycpu.ActiveCfg = Debug|anycpu
		{1D99908E-04B7-406B-AD77-FFB2CC83AD0E}.Debug|anycpu.Build.0 = Debug|anycpu
		{1D99908E-04B7-406B-AD77-FFB2CC83AD0E}.Release|anycpu.ActiveCfg = Release|anycpu
		{1D99908E-04B7-406B-AD77-FFB2CC83AD0E}.Release|anycpu.Build.0 = Release|anycpu
		{FF115CE7-2C94-44D6-B021-CD50E6921619}.Debug|anycpu.ActiveCfg = Debug|anycpu
		{FF115CE7-2C94-44D6-B021-CD50E6921619}.Debug|anycpu.Build.0 = Debug|anycpu
		{FF115CE7-2C94-44D6-B021-CD50E6921619}.Release|anycpu.ActiveCfg = Release|anycpu
		{FF115CE7-2C94-44D6-B021-CD50E6921619}.Release|anycpu.Build.0 = Release|anycpu
		{FDA418D0-B6C2-47AA-8B9A-AD702B0E9B86}.Debug|anycpu.ActiveCfg = Debug|anycpu
		{FDA418D0-B6C2-47AA-8B9A-AD702B0E9B86}.Debug|anycpu.Build.0 = Debug|anycpu
		{FDA418D0-B6C2-47AA-8B9A-AD702B0E9B86}.Release|anycpu.ActiveCfg = Release|anycpu
		{FDA418D0-B6C2-47AA-8B9A-AD702B0E9B86}.Release|anycpu.Build.0 = Release|anycpu
		{D16E2D46-D6A5-47F2-B2BF-8F82C90E7689}.Debug|anycpu.ActiveCfg = Debug|anycpu
		{D16E2D46-D6A5-47F2-B2BF-8F82C90E7689}.Debug|anycpu.Build.0 = Debug|anycpu
		{D16E2D46-D6A5-47F2-B2BF-8F82C90E7689}.Release|anycpu.ActiveCfg = Release|anycpu
		{D16E2D46-D6A5-47F2-B2BF-8F82C90E7689}.Release|anycpu.Build.0 = Release|anycpu
		{D84565D4-4E05-4D3B-BE03-B09F40706518}.Debug|anycpu.ActiveCfg = Debug|anycpu
		{D84565D4-4E05-4D3B-BE03-B09F40706518}.Debug|anycpu.Build.0 = Debug|anycpu
		{D84565D4-4E05-4D3B-BE03-B09F40706518}.Release|anycpu.ActiveCfg = Release|anycpu
		{D84565D4-4E05-4D3B-BE03-B09F40706518}.Release|anycpu.Build.0 = Release|anycpu
	EndGlobalSection
EndGlobal
