
Microsoft Visual Studio Solution File, Format Version 12.00
# Visual Studio 15
Project("{FAE04EC0-301F-11D3-BF4B-00C04F79EFBC}") = "exam7", "exam7\exam7.csproj", "{2D11244D-FC9E-4403-AB6C-6EA95C2AE97A}"
EndProject
Global
	GlobalSection(SolutionConfigurationPlatforms) = preSolution
		Debug|Any CPU = Debug|Any CPU
		Release|Any CPU = Release|Any CPU
	EndGlobalSection
	GlobalSection(ProjectConfigurationPlatforms) = postSolution
		{2D11244D-FC9E-4403-AB6C-6EA95C2AE97A}.Debug|Any CPU.ActiveCfg = Debug|Any CPU
		{2D11244D-FC9E-4403-AB6C-6EA95C2AE97A}.Debug|Any CPU.Build.0 = Debug|Any CPU
		{2D11244D-FC9E-4403-AB6C-6EA95C2AE97A}.Release|Any CPU.ActiveCfg = Release|Any CPU
		{2D11244D-FC9E-4403-AB6C-6EA95C2AE97A}.Release|Any CPU.Build.0 = Release|Any CPU
	EndGlobalSection
EndGlobal
