
Microsoft Visual Studio Solution File, Format Version 12.00
# Visual Studio 15
Project("{FAE04EC0-301F-11D3-BF4B-00C04F79EFBC}") = "01.Flower_Wreaths", "01.Flower_Wreaths\01.Flower_Wreaths.csproj", "{17B8CC3D-196A-49D1-8955-D79104E1C60C}"
EndProject
Project("{FAE04EC0-301F-11D3-BF4B-00C04F79EFBC}") = "02.Bee", "02.Bee\02.Bee.csproj", "{60ADBF33-152D-4152-99C9-E90453E6F456}"
EndProject
Global
	GlobalSection(SolutionConfigurationPlatforms) = preSolution
		Debug|Any CPU = Debug|Any CPU
		Release|Any CPU = Release|Any CPU
	EndGlobalSection
	GlobalSection(ProjectConfigurationPlatforms) = postSolution
		{17B8CC3D-196A-49D1-8955-D79104E1C60C}.Debug|Any CPU.ActiveCfg = Debug|Any CPU
		{17B8CC3D-196A-49D1-8955-D79104E1C60C}.Debug|Any CPU.Build.0 = Debug|Any CPU
		{17B8CC3D-196A-49D1-8955-D79104E1C60C}.Release|Any CPU.ActiveCfg = Release|Any CPU
		{17B8CC3D-196A-49D1-8955-D79104E1C60C}.Release|Any CPU.Build.0 = Release|Any CPU
		{60ADBF33-152D-4152-99C9-E90453E6F456}.Debug|Any CPU.ActiveCfg = Debug|Any CPU
		{60ADBF33-152D-4152-99C9-E90453E6F456}.Debug|Any CPU.Build.0 = Debug|Any CPU
		{60ADBF33-152D-4152-99C9-E90453E6F456}.Release|Any CPU.ActiveCfg = Release|Any CPU
		{60ADBF33-152D-4152-99C9-E90453E6F456}.Release|Any CPU.Build.0 = Release|Any CPU
	EndGlobalSection
EndGlobal
