
Microsoft Visual Studio Solution File, Format Version 12.00
# Visual Studio 15
Project("{FAE04EC0-301F-11D3-BF4B-00C04F79EFBC}") = "02.Bonus_Score", "02.Bonus_Score\02.Bonus_Score.csproj", "{5F5E2705-3D5B-4B6F-8373-40A39CA73DEB}"
EndProject
Project("{FAE04EC0-301F-11D3-BF4B-00C04F79EFBC}") = "08.Scholarship", "08.Scholarship\08.Scholarship.csproj", "{413819FB-DD30-433E-9B8F-A017CDEECDF3}"
EndProject
Project("{FAE04EC0-301F-11D3-BF4B-00C04F79EFBC}") = "01.Sum_Seconds", "01.Sum_Seconds\01.Sum_Seconds.csproj", "{F04EA08E-C3CB-49FB-87EF-7643376B27BF}"
EndProject
Project("{FAE04EC0-301F-11D3-BF4B-00C04F79EFBC}") = "03.Speed_Info", "03.Speed_Info\03.Speed_Info.csproj", "{092B90D8-E5CE-4C34-8745-8CF8F244C460}"
EndProject
Project("{FAE04EC0-301F-11D3-BF4B-00C04F79EFBC}") = "04.Metric_Converter", "04.Metric_Converter\04.Metric_Converter.csproj", "{342673ED-F58F-41AC-AF97-9B606D819CDE}"
EndProject
Project("{FAE04EC0-301F-11D3-BF4B-00C04F79EFBC}") = "05.Time_plus_15_mins", "05.Time_plus_15_mins\05.Time_plus_15_mins.csproj", "{E821BF6A-E0D8-4F7A-B5D8-F32A78EA47BD}"
EndProject
Project("{FAE04EC0-301F-11D3-BF4B-00C04F79EFBC}") = "06.Godzilla_vs_Kong", "06.Godzilla_vs_Kong\06.Godzilla_vs_Kong.csproj", "{F6FDEFBB-369F-4C43-A181-AACB54719552}"
EndProject
Project("{FAE04EC0-301F-11D3-BF4B-00C04F79EFBC}") = "07.World_Swimming_Record", "07.World_Swimming_Record\07.World_Swimming_Record.csproj", "{406F3713-7337-4F3D-97E7-0C729F31E09A}"
EndProject
Global
	GlobalSection(SolutionConfigurationPlatforms) = preSolution
		Debug|anycpu = Debug|anycpu
		Release|anycpu = Release|anycpu
	EndGlobalSection
	GlobalSection(ProjectConfigurationPlatforms) = postSolution
		{5F5E2705-3D5B-4B6F-8373-40A39CA73DEB}.Debug|anycpu.ActiveCfg = Debug|anycpu
		{5F5E2705-3D5B-4B6F-8373-40A39CA73DEB}.Debug|anycpu.Build.0 = Debug|anycpu
		{5F5E2705-3D5B-4B6F-8373-40A39CA73DEB}.Release|anycpu.ActiveCfg = Release|anycpu
		{5F5E2705-3D5B-4B6F-8373-40A39CA73DEB}.Release|anycpu.Build.0 = Release|anycpu
		{413819FB-DD30-433E-9B8F-A017CDEECDF3}.Debug|anycpu.ActiveCfg = Debug|anycpu
		{413819FB-DD30-433E-9B8F-A017CDEECDF3}.Debug|anycpu.Build.0 = Debug|anycpu
		{413819FB-DD30-433E-9B8F-A017CDEECDF3}.Release|anycpu.ActiveCfg = Release|anycpu
		{413819FB-DD30-433E-9B8F-A017CDEECDF3}.Release|anycpu.Build.0 = Release|anycpu
		{F04EA08E-C3CB-49FB-87EF-7643376B27BF}.Debug|anycpu.ActiveCfg = Debug|anycpu
		{F04EA08E-C3CB-49FB-87EF-7643376B27BF}.Debug|anycpu.Build.0 = Debug|anycpu
		{F04EA08E-C3CB-49FB-87EF-7643376B27BF}.Release|anycpu.ActiveCfg = Release|anycpu
		{F04EA08E-C3CB-49FB-87EF-7643376B27BF}.Release|anycpu.Build.0 = Release|anycpu
		{092B90D8-E5CE-4C34-8745-8CF8F244C460}.Debug|anycpu.ActiveCfg = Debug|anycpu
		{092B90D8-E5CE-4C34-8745-8CF8F244C460}.Debug|anycpu.Build.0 = Debug|anycpu
		{092B90D8-E5CE-4C34-8745-8CF8F244C460}.Release|anycpu.ActiveCfg = Release|anycpu
		{092B90D8-E5CE-4C34-8745-8CF8F244C460}.Release|anycpu.Build.0 = Release|anycpu
		{342673ED-F58F-41AC-AF97-9B606D819CDE}.Debug|anycpu.ActiveCfg = Debug|anycpu
		{342673ED-F58F-41AC-AF97-9B606D819CDE}.Debug|anycpu.Build.0 = Debug|anycpu
		{342673ED-F58F-41AC-AF97-9B606D819CDE}.Release|anycpu.ActiveCfg = Release|anycpu
		{342673ED-F58F-41AC-AF97-9B606D819CDE}.Release|anycpu.Build.0 = Release|anycpu
		{E821BF6A-E0D8-4F7A-B5D8-F32A78EA47BD}.Debug|anycpu.ActiveCfg = Debug|anycpu
		{E821BF6A-E0D8-4F7A-B5D8-F32A78EA47BD}.Debug|anycpu.Build.0 = Debug|anycpu
		{E821BF6A-E0D8-4F7A-B5D8-F32A78EA47BD}.Release|anycpu.ActiveCfg = Release|anycpu
		{E821BF6A-E0D8-4F7A-B5D8-F32A78EA47BD}.Release|anycpu.Build.0 = Release|anycpu
		{F6FDEFBB-369F-4C43-A181-AACB54719552}.Debug|anycpu.ActiveCfg = Debug|anycpu
		{F6FDEFBB-369F-4C43-A181-AACB54719552}.Debug|anycpu.Build.0 = Debug|anycpu
		{F6FDEFBB-369F-4C43-A181-AACB54719552}.Release|anycpu.ActiveCfg = Release|anycpu
		{F6FDEFBB-369F-4C43-A181-AACB54719552}.Release|anycpu.Build.0 = Release|anycpu
		{406F3713-7337-4F3D-97E7-0C729F31E09A}.Debug|anycpu.ActiveCfg = Debug|anycpu
		{406F3713-7337-4F3D-97E7-0C729F31E09A}.Debug|anycpu.Build.0 = Debug|anycpu
		{406F3713-7337-4F3D-97E7-0C729F31E09A}.Release|anycpu.ActiveCfg = Release|anycpu
		{406F3713-7337-4F3D-97E7-0C729F31E09A}.Release|anycpu.Build.0 = Release|anycpu
	EndGlobalSection
EndGlobal
